[[package]]
name = "aiodown"
version = "1.0.5"
description = "A fully async file downloader with httpx"
category = "main"
optional = false
python-versions = ">=3.8"

[package.dependencies]
async-files = ">=0.4"
httpx = {version = ">=0.14", extras = ["http2"]}
humanize = ">=3.2.0"

[[package]]
name = "aioschedule"
version = "0.5.2"
description = "Job scheduling for humans."
category = "main"
optional = false
python-versions = "*"

[[package]]
name = "aiosqlite"
version = "0.16.1"
description = "asyncio bridge to the standard sqlite3 module"
category = "main"
optional = false
python-versions = ">=3.6"

[package.dependencies]
typing_extensions = ">=3.7.2"

[[package]]
name = "appdirs"
version = "1.4.4"
description = "A small Python module for determining appropriate platform-specific dirs, e.g. a \"user data dir\"."
category = "dev"
optional = false
python-versions = "*"

[[package]]
name = "async-files"
version = "0.4"
description = "Async Files"
category = "main"
optional = false
python-versions = "*"

[[package]]
name = "async-lru"
version = "1.0.2"
description = "Simple lru_cache for asyncio"
category = "main"
optional = false
python-versions = "*"

[[package]]
name = "beautifulsoup4"
version = "4.9.3"
description = "Screen-scraping library"
category = "main"
optional = false
python-versions = "*"

[package.dependencies]
soupsieve = {version = ">1.2", markers = "python_version >= \"3.0\""}

[package.extras]
html5lib = ["html5lib"]
lxml = ["lxml"]

[[package]]
name = "black"
version = "21.5b0"
description = "The uncompromising code formatter."
category = "dev"
optional = false
python-versions = ">=3.6.2"

[package.dependencies]
appdirs = "*"
click = ">=7.1.2"
mypy-extensions = ">=0.4.3"
pathspec = ">=0.8.1,<1"
regex = ">=2020.1.8"
toml = ">=0.10.1"

[package.extras]
colorama = ["colorama (>=0.4.3)"]
d = ["aiohttp (>=3.3.2)", "aiohttp-cors"]
python2 = ["typed-ast (>=1.4.2)"]

[[package]]
name = "certifi"
version = "2020.12.5"
description = "Python package for providing Mozilla's CA Bundle."
category = "main"
optional = false
python-versions = "*"

[[package]]
name = "click"
version = "7.1.2"
description = "Composable command line interface toolkit"
category = "dev"
optional = false
python-versions = ">=2.7, !=3.0.*, !=3.1.*, !=3.2.*, !=3.3.*, !=3.4.*"

[[package]]
name = "colorama"
version = "0.4.4"
description = "Cross-platform colored terminal text."
category = "main"
optional = false
python-versions = ">=2.7, !=3.0.*, !=3.1.*, !=3.2.*, !=3.3.*, !=3.4.*"

[[package]]
name = "commonmark"
version = "0.9.1"
description = "Python parser for the CommonMark Markdown spec"
category = "main"
optional = false
python-versions = "*"

[package.extras]
test = ["flake8 (==3.7.8)", "hypothesis (==3.55.3)"]

[[package]]
name = "flake8"
version = "3.9.2"
description = "the modular source code checker: pep8 pyflakes and co"
category = "dev"
optional = false
python-versions = "!=3.0.*,!=3.1.*,!=3.2.*,!=3.3.*,!=3.4.*,>=2.7"

[package.dependencies]
mccabe = ">=0.6.0,<0.7.0"
pycodestyle = ">=2.7.0,<2.8.0"
pyflakes = ">=2.3.0,<2.4.0"

[[package]]
name = "h11"
version = "0.12.0"
description = "A pure-Python, bring-your-own-I/O implementation of HTTP/1.1"
category = "main"
optional = false
python-versions = ">=3.6"

[[package]]
name = "h2"
version = "3.2.0"
description = "HTTP/2 State-Machine based protocol implementation"
category = "main"
optional = false
python-versions = "*"

[package.dependencies]
hpack = ">=3.0,<4"
hyperframe = ">=5.2.0,<6"

[[package]]
name = "hpack"
version = "3.0.0"
description = "Pure-Python HPACK header compression"
category = "main"
optional = false
python-versions = "*"

[[package]]
name = "httpcore"
version = "0.13.0"
description = "A minimal low-level HTTP client."
category = "main"
optional = false
python-versions = ">=3.6"

[package.dependencies]
h11 = "<1.0.0"
sniffio = ">=1.0.0,<2.0.0"

[package.extras]
http2 = ["h2 (>=3,<5)"]

[[package]]
name = "httpx"
version = "0.18.1"
description = "The next generation HTTP client."
category = "main"
optional = false
python-versions = ">=3.6"

[package.dependencies]
certifi = "*"
h2 = {version = ">=3.0.0,<4.0.0", optional = true, markers = "extra == \"http2\""}
httpcore = ">=0.13.0,<0.14.0"
rfc3986 = {version = ">=1.3,<2", extras = ["idna2008"]}
sniffio = "*"

[package.extras]
brotli = ["brotlicffi (>=1.0.0,<2.0.0)"]
http2 = ["h2 (>=3.0.0,<4.0.0)"]

[[package]]
name = "humanize"
version = "3.4.1"
description = "Python humanize utilities"
category = "main"
optional = false
python-versions = ">=3.6"

[package.extras]
tests = ["freezegun", "pytest", "pytest-cov"]

[[package]]
name = "hyperframe"
version = "5.2.0"
description = "HTTP/2 framing layer for Python"
category = "main"
optional = false
python-versions = "*"

[[package]]
name = "idna"
version = "2.10"
description = "Internationalized Domain Names in Applications (IDNA)"
category = "main"
optional = false
python-versions = ">=2.7, !=3.0.*, !=3.1.*, !=3.2.*, !=3.3.*"

[[package]]
name = "iso8601"
version = "0.1.14"
description = "Simple module to parse ISO 8601 dates"
category = "main"
optional = false
python-versions = "*"

[[package]]
name = "kantex"
version = "0.2.0"
description = "Layout text automatically using classes"
category = "main"
optional = false
python-versions = ">=3.6"

[[package]]
name = "mccabe"
version = "0.6.1"
description = "McCabe checker, plugin for flake8"
category = "dev"
optional = false
python-versions = "*"

[[package]]
name = "meval"
version = "2.5"
description = "Performs async evaluations of strings"
category = "main"
optional = false
python-versions = ">=3.5"

[[package]]
name = "mypy-extensions"
version = "0.4.3"
description = "Experimental type system extensions for programs checked with the mypy typechecker."
category = "dev"
optional = false
python-versions = "*"

[[package]]
name = "pathspec"
version = "0.8.1"
description = "Utility library for gitignore style pattern matching of file paths."
category = "dev"
optional = false
python-versions = ">=2.7, !=3.0.*, !=3.1.*, !=3.2.*, !=3.3.*, !=3.4.*"

[[package]]
name = "pyaes"
version = "1.6.1"
description = "Pure-Python Implementation of the AES block-cipher and common modes of operation"
category = "main"
optional = false
python-versions = "*"

[[package]]
name = "pycodestyle"
version = "2.7.0"
description = "Python style guide checker"
category = "dev"
optional = false
python-versions = ">=2.7, !=3.0.*, !=3.1.*, !=3.2.*, !=3.3.*"

[[package]]
name = "pyflakes"
version = "2.3.1"
description = "passive checker of Python programs"
category = "dev"
optional = false
python-versions = ">=2.7, !=3.0.*, !=3.1.*, !=3.2.*, !=3.3.*"

[[package]]
name = "pygments"
version = "2.8.1"
description = "Pygments is a syntax highlighting package written in Python."
category = "main"
optional = false
python-versions = ">=3.5"

[[package]]
name = "pypika-tortoise"
version = "0.1.0"
description = "Forked from pypika and streamline just for tortoise-orm"
category = "main"
optional = false
python-versions = ">=3.7,<4.0"

[[package]]
name = "pyrogram"
version = "1.2.9"
description = "Telegram MTProto API Client Library and Framework for Python"
category = "main"
optional = false
python-versions = "~=3.6"

[package.dependencies]
async-lru = "1.0.2"
pyaes = "1.6.1"
pysocks = "1.7.1"

[[package]]
name = "pyromod"
version = "1.5"
description = "A monkeypatcher add-on for Pyrogram"
category = "main"
optional = false
python-versions = ">=3.6"

[package.dependencies]
pyrogram = ">=1.0.0"

[[package]]
name = "pysocks"
version = "1.7.1"
description = "A Python SOCKS client module. See https://github.com/Anorov/PySocks for more information."
category = "main"
optional = false
python-versions = ">=2.7, !=3.0.*, !=3.1.*, !=3.2.*, !=3.3.*"

[[package]]
name = "python-rapidjson"
version = "1.0"
description = "Python wrapper around rapidjson"
category = "main"
optional = false
python-versions = ">=3.6"

[[package]]
name = "pytz"
version = "2020.5"
description = "World timezone definitions, modern and historical"
category = "main"
optional = false
python-versions = "*"

[[package]]
name = "regex"
version = "2021.4.4"
description = "Alternative regular expression module, to replace re."
category = "dev"
optional = false
python-versions = "*"

[[package]]
name = "rfc3986"
version = "1.5.0"
description = "Validating URI References per RFC 3986"
category = "main"
optional = false
python-versions = "*"

[package.dependencies]
idna = {version = "*", optional = true, markers = "extra == \"idna2008\""}

[package.extras]
idna2008 = ["idna"]

[[package]]
name = "rich"
version = "10.1.0"
description = "Render rich text, tables, progress bars, syntax highlighting, markdown and more to the terminal"
category = "main"
optional = false
python-versions = ">=3.6,<4.0"

[package.dependencies]
colorama = ">=0.4.0,<0.5.0"
commonmark = ">=0.9.0,<0.10.0"
pygments = ">=2.6.0,<3.0.0"
typing-extensions = ">=3.7.4,<4.0.0"

[package.extras]
jupyter = ["ipywidgets (>=7.5.1,<8.0.0)"]

[[package]]
name = "sniffio"
version = "1.2.0"
description = "Sniff out which async library your code is running under"
category = "main"
optional = false
python-versions = ">=3.5"

[[package]]
name = "soupsieve"
version = "2.2.1"
description = "A modern CSS selector implementation for Beautiful Soup."
category = "main"
optional = false
python-versions = ">=3.6"

[[package]]
name = "tgcrypto"
version = "1.2.2"
description = "Fast Telegram Crypto Library for Python"
category = "main"
optional = false
python-versions = "~=3.6"

[[package]]
name = "toml"
version = "0.10.2"
description = "Python Library for Tom's Obvious, Minimal Language"
category = "dev"
optional = false
python-versions = ">=2.6, !=3.0.*, !=3.1.*, !=3.2.*"

[[package]]
name = "tortoise-orm"
version = "0.17.2"
description = "Easy async ORM for python, built with relations in mind"
category = "main"
optional = false
python-versions = ">=3.7,<4.0"

[package.dependencies]
aiosqlite = ">=0.16.0,<0.17.0"
iso8601 = ">=0.1.13,<0.2.0"
pypika-tortoise = ">=0.1.0,<0.2.0"
pytz = ">=2020.4,<2021.0"

[package.extras]
docs = ["pygments", "cloud-sptheme", "docutils", "sphinx"]
aiomysql = ["aiomysql"]
asyncmy = ["asyncmy"]
asyncpg = ["asyncpg"]
accel = ["ciso8601 (>=2.1.2,<3.0.0)", "python-rapidjson", "uvloop (>=0.14.0,<0.15.0)"]

[[package]]
name = "typing-extensions"
version = "3.7.4.3"
description = "Backported and Experimental Type Hints for Python 3.5+"
category = "main"
optional = false
python-versions = "*"

[metadata]
lock-version = "1.1"
python-versions = "^3.9"
content-hash = "979d6871fb34bfa20d2793d7a72e9a8bd8393987b034e285e46f7bbf52b2ee33"

[metadata.files]
aiodown = [
    {file = "aiodown-1.0.5-py3-none-any.whl", hash = "sha256:6142e1951e7fe5c9eee0cacd1f92ccf19115242ab024172690cd1280ae0a6b81"},
    {file = "aiodown-1.0.5.tar.gz", hash = "sha256:7fda4efe1d6f46d1c238d91cd4645e44f95382a75a73ebfdd01ad51d845b80fd"},
]
aioschedule = [
    {file = "aioschedule-0.5.2.tar.gz", hash = "sha256:1fe8621d287f58cbba3d73695fbbd890355294ac0c01981a1fd1e4f0510fc744"},
]
aiosqlite = [
    {file = "aiosqlite-0.16.1-py3-none-any.whl", hash = "sha256:1df802815bb1e08a26c06d5ea9df589bcb8eec56e5f3378103b0f9b223c6703c"},
    {file = "aiosqlite-0.16.1.tar.gz", hash = "sha256:2e915463164efa65b60fd1901aceca829b6090082f03082618afca6fb9c8fdf7"},
]
appdirs = [
    {file = "appdirs-1.4.4-py2.py3-none-any.whl", hash = "sha256:a841dacd6b99318a741b166adb07e19ee71a274450e68237b4650ca1055ab128"},
    {file = "appdirs-1.4.4.tar.gz", hash = "sha256:7d5d0167b2b1ba821647616af46a749d1c653740dd0d2415100fe26e27afdf41"},
]
async-files = [
    {file = "async_files-0.4-py2.py3-none-any.whl", hash = "sha256:64497938a623c57612e5cb5a7d0f4850ba8a338b1e8ea00e1dfa32ebfa0bc34c"},
]
async-lru = [
    {file = "async_lru-1.0.2.tar.gz", hash = "sha256:baa898027619f5cc31b7966f96f00e4fc0df43ba206a8940a5d1af5336a477cb"},
]
beautifulsoup4 = [
    {file = "beautifulsoup4-4.9.3-py2-none-any.whl", hash = "sha256:4c98143716ef1cb40bf7f39a8e3eec8f8b009509e74904ba3a7b315431577e35"},
    {file = "beautifulsoup4-4.9.3-py3-none-any.whl", hash = "sha256:fff47e031e34ec82bf17e00da8f592fe7de69aeea38be00523c04623c04fb666"},
    {file = "beautifulsoup4-4.9.3.tar.gz", hash = "sha256:84729e322ad1d5b4d25f805bfa05b902dd96450f43842c4e99067d5e1369eb25"},
]
black = [
    {file = "black-21.5b0-py3-none-any.whl", hash = "sha256:0e80435b8a88f383c9149ae89d671eb2095b72344b0fe8a1d61d2ff5110ed173"},
    {file = "black-21.5b0.tar.gz", hash = "sha256:9dc2042018ca10735366d944c2c12d9cad6dec74a3d5f679d09384ea185d9943"},
]
certifi = [
    {file = "certifi-2020.12.5-py2.py3-none-any.whl", hash = "sha256:719a74fb9e33b9bd44cc7f3a8d94bc35e4049deebe19ba7d8e108280cfd59830"},
    {file = "certifi-2020.12.5.tar.gz", hash = "sha256:1a4995114262bffbc2413b159f2a1a480c969de6e6eb13ee966d470af86af59c"},
]
click = [
    {file = "click-7.1.2-py2.py3-none-any.whl", hash = "sha256:dacca89f4bfadd5de3d7489b7c8a566eee0d3676333fbb50030263894c38c0dc"},
    {file = "click-7.1.2.tar.gz", hash = "sha256:d2b5255c7c6349bc1bd1e59e08cd12acbbd63ce649f2588755783aa94dfb6b1a"},
]
colorama = [
    {file = "colorama-0.4.4-py2.py3-none-any.whl", hash = "sha256:9f47eda37229f68eee03b24b9748937c7dc3868f906e8ba69fbcbdd3bc5dc3e2"},
    {file = "colorama-0.4.4.tar.gz", hash = "sha256:5941b2b48a20143d2267e95b1c2a7603ce057ee39fd88e7329b0c292aa16869b"},
]
commonmark = [
    {file = "commonmark-0.9.1-py2.py3-none-any.whl", hash = "sha256:da2f38c92590f83de410ba1a3cbceafbc74fee9def35f9251ba9a971d6d66fd9"},
    {file = "commonmark-0.9.1.tar.gz", hash = "sha256:452f9dc859be7f06631ddcb328b6919c67984aca654e5fefb3914d54691aed60"},
]
flake8 = [
    {file = "flake8-3.9.2-py2.py3-none-any.whl", hash = "sha256:bf8fd333346d844f616e8d47905ef3a3384edae6b4e9beb0c5101e25e3110907"},
    {file = "flake8-3.9.2.tar.gz", hash = "sha256:07528381786f2a6237b061f6e96610a4167b226cb926e2aa2b6b1d78057c576b"},
]
h11 = [
    {file = "h11-0.12.0-py3-none-any.whl", hash = "sha256:36a3cb8c0a032f56e2da7084577878a035d3b61d104230d4bd49c0c6b555a9c6"},
    {file = "h11-0.12.0.tar.gz", hash = "sha256:47222cb6067e4a307d535814917cd98fd0a57b6788ce715755fa2b6c28b56042"},
]
h2 = [
    {file = "h2-3.2.0-py2.py3-none-any.whl", hash = "sha256:61e0f6601fa709f35cdb730863b4e5ec7ad449792add80d1410d4174ed139af5"},
    {file = "h2-3.2.0.tar.gz", hash = "sha256:875f41ebd6f2c44781259005b157faed1a5031df3ae5aa7bcb4628a6c0782f14"},
]
hpack = [
    {file = "hpack-3.0.0-py2.py3-none-any.whl", hash = "sha256:0edd79eda27a53ba5be2dfabf3b15780928a0dff6eb0c60a3d6767720e970c89"},
    {file = "hpack-3.0.0.tar.gz", hash = "sha256:8eec9c1f4bfae3408a3f30500261f7e6a65912dc138526ea054f9ad98892e9d2"},
]
httpcore = [
    {file = "httpcore-0.13.0-py3-none-any.whl", hash = "sha256:1aab7711fa42a5df6043fdb62a3fb0f7a5899bccb53d0b0e500aa038acb0976c"},
    {file = "httpcore-0.13.0.tar.gz", hash = "sha256:d5602a0a9a5aa29937be6060acb2ac31461217d33e3e5e993038e51c841e0dec"},
]
httpx = [
    {file = "httpx-0.18.1-py3-none-any.whl", hash = "sha256:ad2e3db847be736edc4b272c4d5788790a7e5789ef132fc6b5fef8aeb9e9f6e0"},
    {file = "httpx-0.18.1.tar.gz", hash = "sha256:0a2651dd2b9d7662c70d12ada5c290abcf57373b9633515fe4baa9f62566086f"},
]
humanize = [
    {file = "humanize-3.4.1-py3-none-any.whl", hash = "sha256:c2ccaea7f8cbcd883ec420279d6e71ad20371bb36dbf5100b178d9756563289e"},
    {file = "humanize-3.4.1.tar.gz", hash = "sha256:6e04cdd75d66074c34ff93c30a2ad6d19d91202a65c1bd400b2edeedae399bda"},
]
hyperframe = [
    {file = "hyperframe-5.2.0-py2.py3-none-any.whl", hash = "sha256:5187962cb16dcc078f23cb5a4b110098d546c3f41ff2d4038a9896893bbd0b40"},
    {file = "hyperframe-5.2.0.tar.gz", hash = "sha256:a9f5c17f2cc3c719b917c4f33ed1c61bd1f8dfac4b1bd23b7c80b3400971b41f"},
]
idna = [
    {file = "idna-2.10-py2.py3-none-any.whl", hash = "sha256:b97d804b1e9b523befed77c48dacec60e6dcb0b5391d57af6a65a312a90648c0"},
    {file = "idna-2.10.tar.gz", hash = "sha256:b307872f855b18632ce0c21c5e45be78c0ea7ae4c15c828c20788b26921eb3f6"},
]
iso8601 = [
    {file = "iso8601-0.1.14-py2.py3-none-any.whl", hash = "sha256:e7e1122f064d626e17d47cd5106bed2c620cb38fe464999e0ddae2b6d2de6004"},
    {file = "iso8601-0.1.14.tar.gz", hash = "sha256:8aafd56fa0290496c5edbb13c311f78fa3a241f0853540da09d9363eae3ebd79"},
]
kantex = [
    {file = "kantex-0.2.0-py3-none-any.whl", hash = "sha256:af26c41577d621311386fbb422dba847e92e9f0ed701f402b2d6184e7f409b98"},
    {file = "kantex-0.2.0.tar.gz", hash = "sha256:77742cd70f38e0ea71eca601c98f3c2d044cbd9bf9088a6e3b418667f619187a"},
]
mccabe = [
    {file = "mccabe-0.6.1-py2.py3-none-any.whl", hash = "sha256:ab8a6258860da4b6677da4bd2fe5dc2c659cff31b3ee4f7f5d64e79735b80d42"},
    {file = "mccabe-0.6.1.tar.gz", hash = "sha256:dd8d182285a0fe56bace7f45b5e7d1a6ebcbf524e8f3bd87eb0f125271b8831f"},
]
meval = [
    {file = "meval-2.5-py3-none-any.whl", hash = "sha256:24430865001b5596864a7c28f423294edadaac57af9ab6964dda3eabc8762577"},
    {file = "meval-2.5.tar.gz", hash = "sha256:a5aa481617f1fd07a5972076cd3aa14e38515ac84b3ff028efdf76371a856765"},
]
mypy-extensions = [
    {file = "mypy_extensions-0.4.3-py2.py3-none-any.whl", hash = "sha256:090fedd75945a69ae91ce1303b5824f428daf5a028d2f6ab8a299250a846f15d"},
    {file = "mypy_extensions-0.4.3.tar.gz", hash = "sha256:2d82818f5bb3e369420cb3c4060a7970edba416647068eb4c5343488a6c604a8"},
]
pathspec = [
    {file = "pathspec-0.8.1-py2.py3-none-any.whl", hash = "sha256:aa0cb481c4041bf52ffa7b0d8fa6cd3e88a2ca4879c533c9153882ee2556790d"},
    {file = "pathspec-0.8.1.tar.gz", hash = "sha256:86379d6b86d75816baba717e64b1a3a3469deb93bb76d613c9ce79edc5cb68fd"},
]
pyaes = [
    {file = "pyaes-1.6.1.tar.gz", hash = "sha256:02c1b1405c38d3c370b085fb952dd8bea3fadcee6411ad99f312cc129c536d8f"},
]
pycodestyle = [
    {file = "pycodestyle-2.7.0-py2.py3-none-any.whl", hash = "sha256:514f76d918fcc0b55c6680472f0a37970994e07bbb80725808c17089be302068"},
    {file = "pycodestyle-2.7.0.tar.gz", hash = "sha256:c389c1d06bf7904078ca03399a4816f974a1d590090fecea0c63ec26ebaf1cef"},
]
pyflakes = [
    {file = "pyflakes-2.3.1-py2.py3-none-any.whl", hash = "sha256:7893783d01b8a89811dd72d7dfd4d84ff098e5eed95cfa8905b22bbffe52efc3"},
    {file = "pyflakes-2.3.1.tar.gz", hash = "sha256:f5bc8ecabc05bb9d291eb5203d6810b49040f6ff446a756326104746cc00c1db"},
]
pygments = [
    {file = "Pygments-2.8.1-py3-none-any.whl", hash = "sha256:534ef71d539ae97d4c3a4cf7d6f110f214b0e687e92f9cb9d2a3b0d3101289c8"},
    {file = "Pygments-2.8.1.tar.gz", hash = "sha256:2656e1a6edcdabf4275f9a3640db59fd5de107d88e8663c5d4e9a0fa62f77f94"},
]
pypika-tortoise = [
    {file = "pypika-tortoise-0.1.0.tar.gz", hash = "sha256:7176e98ff0cf7c311d4ba58f28f1755956265dee2f9781e65e1304a67a3e5aa5"},
    {file = "pypika_tortoise-0.1.0-py3-none-any.whl", hash = "sha256:ec83b0b2964be01ef563f5f019b0332a18177604e841c47ad39d798798c6dfe9"},
]
pyrogram = [
    {file = "Pyrogram-1.2.9-py3-none-any.whl", hash = "sha256:85cacbcebb704f6d849ff52b07e1bb4972b4ff81216c3d45ed385e9a5ab057a7"},
    {file = "Pyrogram-1.2.9.tar.gz", hash = "sha256:0f207cac92f4a4d204037214a1ebb54ba272a9557a22633427880fdef844c012"},
]
pyromod = [
    {file = "pyromod-1.5-py3-none-any.whl", hash = "sha256:a3ced84a777a244d104fcc326e6dc59ec68fc0a28b65154abc1fc16dd33f4f91"},
]
pysocks = [
    {file = "PySocks-1.7.1-py27-none-any.whl", hash = "sha256:08e69f092cc6dbe92a0fdd16eeb9b9ffbc13cadfe5ca4c7bd92ffb078b293299"},
    {file = "PySocks-1.7.1-py3-none-any.whl", hash = "sha256:2725bd0a9925919b9b51739eea5f9e2bae91e83288108a9ad338b2e3a4435ee5"},
    {file = "PySocks-1.7.1.tar.gz", hash = "sha256:3f8804571ebe159c380ac6de37643bb4685970655d3bba243530d6558b799aa0"},
]
python-rapidjson = [
    {file = "python-rapidjson-1.0.tar.gz", hash = "sha256:a61fa61e41b0b85ba9e78444242fddcb3be724de1df79314e6b4766b66e4e11c"},
    {file = "python_rapidjson-1.0-cp36-cp36m-macosx_10_9_x86_64.whl", hash = "sha256:ac728d59984e556ed56e59f497da4281bf96eb84bd035a866621dcfb90656ce5"},
    {file = "python_rapidjson-1.0-cp36-cp36m-manylinux1_i686.whl", hash = "sha256:139faed875bd794dba93a051038e450b52d0988a6c0b07cc1aea49627176bd4b"},
    {file = "python_rapidjson-1.0-cp36-cp36m-manylinux1_x86_64.whl", hash = "sha256:52c663fd947438b640fca0a7d1b51b0f21de550f0e5c3d649f8cac0090ca4898"},
    {file = "python_rapidjson-1.0-cp36-cp36m-manylinux2010_i686.whl", hash = "sha256:2d73bae63c0b41c6d78ff983a9e97bd22d745b49c96a52edc5e6a3ce31cd4c5a"},
    {file = "python_rapidjson-1.0-cp36-cp36m-manylinux2010_x86_64.whl", hash = "sha256:eba0f11e39b5a3819c92f7c8c02a238d8784aa04fbce48233025712d5d32da89"},
    {file = "python_rapidjson-1.0-cp36-cp36m-win32.whl", hash = "sha256:c995c3e89f77baf72b814e941e355bbc0bb146b14c8cf75ca30f0f7788533118"},
    {file = "python_rapidjson-1.0-cp36-cp36m-win_amd64.whl", hash = "sha256:7be23a005e6424ee4336faba44f397b116aefe8ab7e3f3e33e2f4a7693469b0c"},
    {file = "python_rapidjson-1.0-cp37-cp37m-macosx_10_9_x86_64.whl", hash = "sha256:67a3487721f3a3bc1455eaf83e4e1bc729ad5d502f4b40b8a70f8893bbb0d6c6"},
    {file = "python_rapidjson-1.0-cp37-cp37m-manylinux1_i686.whl", hash = "sha256:bb53b859c62a5b123495603319363b9a9a4a43d7823e1edaa72738827251b47f"},
    {file = "python_rapidjson-1.0-cp37-cp37m-manylinux1_x86_64.whl", hash = "sha256:95d16d27a11c0c79cdf1b708221fe462abe98f7a3832a0b7c4e066522e597062"},
    {file = "python_rapidjson-1.0-cp37-cp37m-manylinux2010_i686.whl", hash = "sha256:72cc744212070768903417948cdc8e0432d52bcc2fcebd7ee3df9cb98fd37053"},
    {file = "python_rapidjson-1.0-cp37-cp37m-manylinux2010_x86_64.whl", hash = "sha256:2b08623e4069b1c71fa45fa95eca094f190e76fb176ac38a3682a0f2fcfe1752"},
    {file = "python_rapidjson-1.0-cp37-cp37m-win32.whl", hash = "sha256:35a908a129bd14fd4083784fe2db23368df59cdcbfa78f1f7d196665f6c40efe"},
    {file = "python_rapidjson-1.0-cp37-cp37m-win_amd64.whl", hash = "sha256:70ba16319063098a034d6bc601f7ad356631a1fd550827e4b239805d38cbd455"},
    {file = "python_rapidjson-1.0-cp38-cp38-macosx_10_9_x86_64.whl", hash = "sha256:72a22106bd49212d28f5565760019b0f5a449972bb85e5faf35f0e7760578f42"},
    {file = "python_rapidjson-1.0-cp38-cp38-manylinux1_i686.whl", hash = "sha256:48da6c391e636a93989eb4994f81aad2915375763909e222896ee8b80600a812"},
    {file = "python_rapidjson-1.0-cp38-cp38-manylinux1_x86_64.whl", hash = "sha256:7e385ed2838511acbde8a2ba362fe6aedf5a1cb1365ecc30f19f99da20280dfb"},
    {file = "python_rapidjson-1.0-cp38-cp38-manylinux2010_i686.whl", hash = "sha256:88242ac09c42780c88ad348f35be83b688e594961ef1d8d75943cbca8ff23492"},
    {file = "python_rapidjson-1.0-cp38-cp38-manylinux2010_x86_64.whl", hash = "sha256:3cf70741471e58983d29cfcb3b37a30bfe947519973fc206958d30d5a3504ae2"},
    {file = "python_rapidjson-1.0-cp38-cp38-win32.whl", hash = "sha256:fb158c3e53df83669e6dfd34fcc17edc2fdda9d466165d9798af06a7b5b878f3"},
    {file = "python_rapidjson-1.0-cp38-cp38-win_amd64.whl", hash = "sha256:cbc05e61d7e0754741382c747b3fd8af8267a5dac1d0e6bf6c3b611584373ac1"},
    {file = "python_rapidjson-1.0-cp39-cp39-macosx_10_9_x86_64.whl", hash = "sha256:4446c481bf469ae4c22d97c358b95091eb528612dac0cf15e50e112a04b22ded"},
    {file = "python_rapidjson-1.0-cp39-cp39-manylinux1_i686.whl", hash = "sha256:eb249674ddf238ea12ff84efc5b3ec868174dd54419ec2ad51601a834716757d"},
    {file = "python_rapidjson-1.0-cp39-cp39-manylinux1_x86_64.whl", hash = "sha256:987eba5e8b647c4f7e4249bdec870ab57d2b70b58d9e23b530c1047bd17c58ba"},
    {file = "python_rapidjson-1.0-cp39-cp39-manylinux2010_i686.whl", hash = "sha256:49dae9df02fdabdbcbd6651a98a569b6e6c4ffdc2c7d2af7be805ff40005be03"},
    {file = "python_rapidjson-1.0-cp39-cp39-manylinux2010_x86_64.whl", hash = "sha256:df72847d0c44969c9c49e3bd9df77a7580f43875427d865edfafd344901c22a0"},
    {file = "python_rapidjson-1.0-cp39-cp39-win32.whl", hash = "sha256:c446153975c5d9467fcdb8ea8545a7d2a991e0693fa84e38865eec821cc66584"},
    {file = "python_rapidjson-1.0-cp39-cp39-win_amd64.whl", hash = "sha256:00b7679ed075e4353beb2a728743d24096942faa008065ea4fd242dc91dc496b"},
]
pytz = [
    {file = "pytz-2020.5-py2.py3-none-any.whl", hash = "sha256:16962c5fb8db4a8f63a26646d8886e9d769b6c511543557bc84e9569fb9a9cb4"},
    {file = "pytz-2020.5.tar.gz", hash = "sha256:180befebb1927b16f6b57101720075a984c019ac16b1b7575673bea42c6c3da5"},
]
regex = [
    {file = "regex-2021.4.4-cp36-cp36m-macosx_10_9_x86_64.whl", hash = "sha256:619d71c59a78b84d7f18891fe914446d07edd48dc8328c8e149cbe0929b4e000"},
    {file = "regex-2021.4.4-cp36-cp36m-manylinux1_i686.whl", hash = "sha256:47bf5bf60cf04d72bf6055ae5927a0bd9016096bf3d742fa50d9bf9f45aa0711"},
    {file = "regex-2021.4.4-cp36-cp36m-manylinux1_x86_64.whl", hash = "sha256:281d2fd05555079448537fe108d79eb031b403dac622621c78944c235f3fcf11"},
    {file = "regex-2021.4.4-cp36-cp36m-manylinux2010_i686.whl", hash = "sha256:bd28bc2e3a772acbb07787c6308e00d9626ff89e3bfcdebe87fa5afbfdedf968"},
    {file = "regex-2021.4.4-cp36-cp36m-manylinux2010_x86_64.whl", hash = "sha256:7c2a1af393fcc09e898beba5dd59196edaa3116191cc7257f9224beaed3e1aa0"},
    {file = "regex-2021.4.4-cp36-cp36m-manylinux2014_aarch64.whl", hash = "sha256:c38c71df845e2aabb7fb0b920d11a1b5ac8526005e533a8920aea97efb8ec6a4"},
    {file = "regex-2021.4.4-cp36-cp36m-manylinux2014_i686.whl", hash = "sha256:96fcd1888ab4d03adfc9303a7b3c0bd78c5412b2bfbe76db5b56d9eae004907a"},
    {file = "regex-2021.4.4-cp36-cp36m-manylinux2014_x86_64.whl", hash = "sha256:ade17eb5d643b7fead300a1641e9f45401c98eee23763e9ed66a43f92f20b4a7"},
    {file = "regex-2021.4.4-cp36-cp36m-win32.whl", hash = "sha256:e8e5b509d5c2ff12f8418006d5a90e9436766133b564db0abaec92fd27fcee29"},
    {file = "regex-2021.4.4-cp36-cp36m-win_amd64.whl", hash = "sha256:11d773d75fa650cd36f68d7ca936e3c7afaae41b863b8c387a22aaa78d3c5c79"},
    {file = "regex-2021.4.4-cp37-cp37m-macosx_10_9_x86_64.whl", hash = "sha256:d3029c340cfbb3ac0a71798100ccc13b97dddf373a4ae56b6a72cf70dfd53bc8"},
    {file = "regex-2021.4.4-cp37-cp37m-manylinux1_i686.whl", hash = "sha256:18c071c3eb09c30a264879f0d310d37fe5d3a3111662438889ae2eb6fc570c31"},
    {file = "regex-2021.4.4-cp37-cp37m-manylinux1_x86_64.whl", hash = "sha256:4c557a7b470908b1712fe27fb1ef20772b78079808c87d20a90d051660b1d69a"},
    {file = "regex-2021.4.4-cp37-cp37m-manylinux2010_i686.whl", hash = "sha256:01afaf2ec48e196ba91b37451aa353cb7eda77efe518e481707e0515025f0cd5"},
    {file = "regex-2021.4.4-cp37-cp37m-manylinux2010_x86_64.whl", hash = "sha256:3a9cd17e6e5c7eb328517969e0cb0c3d31fd329298dd0c04af99ebf42e904f82"},
    {file = "regex-2021.4.4-cp37-cp37m-manylinux2014_aarch64.whl", hash = "sha256:90f11ff637fe8798933fb29f5ae1148c978cccb0452005bf4c69e13db951e765"},
    {file = "regex-2021.4.4-cp37-cp37m-manylinux2014_i686.whl", hash = "sha256:919859aa909429fb5aa9cf8807f6045592c85ef56fdd30a9a3747e513db2536e"},
    {file = "regex-2021.4.4-cp37-cp37m-manylinux2014_x86_64.whl", hash = "sha256:339456e7d8c06dd36a22e451d58ef72cef293112b559010db3d054d5560ef439"},
    {file = "regex-2021.4.4-cp37-cp37m-win32.whl", hash = "sha256:67bdb9702427ceddc6ef3dc382455e90f785af4c13d495f9626861763ee13f9d"},
    {file = "regex-2021.4.4-cp37-cp37m-win_amd64.whl", hash = "sha256:32e65442138b7b76dd8173ffa2cf67356b7bc1768851dded39a7a13bf9223da3"},
    {file = "regex-2021.4.4-cp38-cp38-macosx_10_9_x86_64.whl", hash = "sha256:1e1c20e29358165242928c2de1482fb2cf4ea54a6a6dea2bd7a0e0d8ee321500"},
    {file = "regex-2021.4.4-cp38-cp38-manylinux1_i686.whl", hash = "sha256:314d66636c494ed9c148a42731b3834496cc9a2c4251b1661e40936814542b14"},
    {file = "regex-2021.4.4-cp38-cp38-manylinux1_x86_64.whl", hash = "sha256:6d1b01031dedf2503631d0903cb563743f397ccaf6607a5e3b19a3d76fc10480"},
    {file = "regex-2021.4.4-cp38-cp38-manylinux2010_i686.whl", hash = "sha256:741a9647fcf2e45f3a1cf0e24f5e17febf3efe8d4ba1281dcc3aa0459ef424dc"},
    {file = "regex-2021.4.4-cp38-cp38-manylinux2010_x86_64.whl", hash = "sha256:4c46e22a0933dd783467cf32b3516299fb98cfebd895817d685130cc50cd1093"},
    {file = "regex-2021.4.4-cp38-cp38-manylinux2014_aarch64.whl", hash = "sha256:e512d8ef5ad7b898cdb2d8ee1cb09a8339e4f8be706d27eaa180c2f177248a10"},
    {file = "regex-2021.4.4-cp38-cp38-manylinux2014_i686.whl", hash = "sha256:980d7be47c84979d9136328d882f67ec5e50008681d94ecc8afa8a65ed1f4a6f"},
    {file = "regex-2021.4.4-cp38-cp38-manylinux2014_x86_64.whl", hash = "sha256:ce15b6d103daff8e9fee13cf7f0add05245a05d866e73926c358e871221eae87"},
    {file = "regex-2021.4.4-cp38-cp38-win32.whl", hash = "sha256:a91aa8619b23b79bcbeb37abe286f2f408d2f2d6f29a17237afda55bb54e7aac"},
    {file = "regex-2021.4.4-cp38-cp38-win_amd64.whl", hash = "sha256:c0502c0fadef0d23b128605d69b58edb2c681c25d44574fc673b0e52dce71ee2"},
    {file = "regex-2021.4.4-cp39-cp39-macosx_10_9_x86_64.whl", hash = "sha256:598585c9f0af8374c28edd609eb291b5726d7cbce16be6a8b95aa074d252ee17"},
    {file = "regex-2021.4.4-cp39-cp39-manylinux1_i686.whl", hash = "sha256:ee54ff27bf0afaf4c3b3a62bcd016c12c3fdb4ec4f413391a90bd38bc3624605"},
    {file = "regex-2021.4.4-cp39-cp39-manylinux1_x86_64.whl", hash = "sha256:7d9884d86dd4dd489e981d94a65cd30d6f07203d90e98f6f657f05170f6324c9"},
    {file = "regex-2021.4.4-cp39-cp39-manylinux2010_i686.whl", hash = "sha256:bf5824bfac591ddb2c1f0a5f4ab72da28994548c708d2191e3b87dd207eb3ad7"},
    {file = "regex-2021.4.4-cp39-cp39-manylinux2010_x86_64.whl", hash = "sha256:563085e55b0d4fb8f746f6a335893bda5c2cef43b2f0258fe1020ab1dd874df8"},
    {file = "regex-2021.4.4-cp39-cp39-manylinux2014_aarch64.whl", hash = "sha256:b9c3db21af35e3b3c05764461b262d6f05bbca08a71a7849fd79d47ba7bc33ed"},
    {file = "regex-2021.4.4-cp39-cp39-manylinux2014_i686.whl", hash = "sha256:3916d08be28a1149fb97f7728fca1f7c15d309a9f9682d89d79db75d5e52091c"},
    {file = "regex-2021.4.4-cp39-cp39-manylinux2014_x86_64.whl", hash = "sha256:fd45ff9293d9274c5008a2054ecef86a9bfe819a67c7be1afb65e69b405b3042"},
    {file = "regex-2021.4.4-cp39-cp39-win32.whl", hash = "sha256:fa4537fb4a98fe8fde99626e4681cc644bdcf2a795038533f9f711513a862ae6"},
    {file = "regex-2021.4.4-cp39-cp39-win_amd64.whl", hash = "sha256:97f29f57d5b84e73fbaf99ab3e26134e6687348e95ef6b48cfd2c06807005a07"},
    {file = "regex-2021.4.4.tar.gz", hash = "sha256:52ba3d3f9b942c49d7e4bc105bb28551c44065f139a65062ab7912bef10c9afb"},
]
rfc3986 = [
    {file = "rfc3986-1.5.0-py2.py3-none-any.whl", hash = "sha256:a86d6e1f5b1dc238b218b012df0aa79409667bb209e58da56d0b94704e712a97"},
    {file = "rfc3986-1.5.0.tar.gz", hash = "sha256:270aaf10d87d0d4e095063c65bf3ddbc6ee3d0b226328ce21e036f946e421835"},
]
rich = [
    {file = "rich-10.1.0-py3-none-any.whl", hash = "sha256:60cd6d6ea697a1704f2057e791e3062b506b5c74a6e2ad2ced71eccb37557259"},
    {file = "rich-10.1.0.tar.gz", hash = "sha256:8f05431091601888c50341697cfc421dc398ce37b12bca0237388ef9c7e2c9e9"},
]
sniffio = [
    {file = "sniffio-1.2.0-py3-none-any.whl", hash = "sha256:471b71698eac1c2112a40ce2752bb2f4a4814c22a54a3eed3676bc0f5ca9f663"},
    {file = "sniffio-1.2.0.tar.gz", hash = "sha256:c4666eecec1d3f50960c6bdf61ab7bc350648da6c126e3cf6898d8cd4ddcd3de"},
]
soupsieve = [
    {file = "soupsieve-2.2.1-py3-none-any.whl", hash = "sha256:c2c1c2d44f158cdbddab7824a9af8c4f83c76b1e23e049479aa432feb6c4c23b"},
    {file = "soupsieve-2.2.1.tar.gz", hash = "sha256:052774848f448cf19c7e959adf5566904d525f33a3f8b6ba6f6f8f26ec7de0cc"},
]
tgcrypto = [
    {file = "TgCrypto-1.2.2-cp36-cp36m-macosx_10_9_x86_64.whl", hash = "sha256:2073aa6bbc809a56ae3d54e0f496cacaee6e5cb7c08682153c992eae72b4fbb8"},
    {file = "TgCrypto-1.2.2-cp36-cp36m-manylinux1_i686.whl", hash = "sha256:bca8bcc1432d00955110173d0acd8410e2911ed9c8d05afae1a2ace4748314f1"},
    {file = "TgCrypto-1.2.2-cp36-cp36m-manylinux1_x86_64.whl", hash = "sha256:4a6c9d045a68eda43e4064aba32dbf1c40472143ed88f20315dfad867f9cddfb"},
    {file = "TgCrypto-1.2.2-cp36-cp36m-manylinux2010_i686.whl", hash = "sha256:611a02defa3dc0c4ead98987992cb7d967c4741f477a27fececd31da367b2046"},
    {file = "TgCrypto-1.2.2-cp36-cp36m-manylinux2010_x86_64.whl", hash = "sha256:d118dd9f297406d385d2bdd6e92ecc3a8443ea1c35ce70b4e892ce95c3808fb5"},
    {file = "TgCrypto-1.2.2-cp36-cp36m-manylinux2014_aarch64.whl", hash = "sha256:e34917079682579a90dbcadb6b44bc3cbb73efb1657e7dc19839de2428922d30"},
    {file = "TgCrypto-1.2.2-cp36-cp36m-win32.whl", hash = "sha256:8160b2f0c4b9e5672567d53f5a0f4d5c1ada54021dc93225b38a802ffa42b4e0"},
    {file = "TgCrypto-1.2.2-cp36-cp36m-win_amd64.whl", hash = "sha256:b5c7cb0e179c29b77f1b2b806edb7d01d9b4f205ca4f65c40375a3bb6a43bea4"},
    {file = "TgCrypto-1.2.2-cp37-cp37m-macosx_10_9_x86_64.whl", hash = "sha256:a0238007a6a68b7a99d118cfaa49a72b024a5bc3f7e9a60b07c1ba850a8d1d45"},
    {file = "TgCrypto-1.2.2-cp37-cp37m-manylinux1_i686.whl", hash = "sha256:7465a7df82cd8f79ea434f3e958d010fb5db80099f4034d441f2d6119afbdc9c"},
    {file = "TgCrypto-1.2.2-cp37-cp37m-manylinux1_x86_64.whl", hash = "sha256:8ee83902dd1e8bee467df6b58acb5e08e72a655afa1da655561d3e73edbef936"},
    {file = "TgCrypto-1.2.2-cp37-cp37m-manylinux2010_i686.whl", hash = "sha256:aa13cd10e8edf2520f3bff4f3327347e2883945c8b8c4a55f2b886f61cac13fa"},
    {file = "TgCrypto-1.2.2-cp37-cp37m-manylinux2010_x86_64.whl", hash = "sha256:37259c0a81d9170a1c9213d898e3ad2ec2973be361428e92be722f8af2029fb9"},
    {file = "TgCrypto-1.2.2-cp37-cp37m-manylinux2014_aarch64.whl", hash = "sha256:cad01599f511c502518f99869069d311a9e3df37324e077ca5742061395daa84"},
    {file = "TgCrypto-1.2.2-cp37-cp37m-win32.whl", hash = "sha256:ab0cc75142fab303bb7c8be5c60f0bff02378921d7cb3269db5d46bbc6c1792b"},
    {file = "TgCrypto-1.2.2-cp37-cp37m-win_amd64.whl", hash = "sha256:feb71d6865cbf781ef36aeca075b6b86a19f3367958677ecd4912c69f25aa0af"},
    {file = "TgCrypto-1.2.2-cp38-cp38-macosx_10_9_x86_64.whl", hash = "sha256:6efe4b3f050fe6c3bd820abf4a4c0854ea5fcb934bf76a9155e51347fc7d6796"},
    {file = "TgCrypto-1.2.2-cp38-cp38-manylinux1_i686.whl", hash = "sha256:99154a515f68e75ddf76082c64eae522fe08620d9bcf8ebbf1d2f931bed07781"},
    {file = "TgCrypto-1.2.2-cp38-cp38-manylinux1_x86_64.whl", hash = "sha256:c7d1180c63b9cf774d474a0c6c27d7f3ee367d808589bbe218e4567ebc6bd4df"},
    {file = "TgCrypto-1.2.2-cp38-cp38-manylinux2010_i686.whl", hash = "sha256:3cd17b033754c7dc08b346ac430e81a162a143bb42a7ffc5b8420872e5432f51"},
    {file = "TgCrypto-1.2.2-cp38-cp38-manylinux2010_x86_64.whl", hash = "sha256:d4e1b08733c09c0056ede44366ebe65cec7a5f19b78ff009aacbc9ac9158fcf6"},
    {file = "TgCrypto-1.2.2-cp38-cp38-manylinux2014_aarch64.whl", hash = "sha256:cb9c74812093554de4c99578758753a3034a62ad23672e4b80ce8381ec93eb6f"},
    {file = "TgCrypto-1.2.2-cp38-cp38-win32.whl", hash = "sha256:1d2223d3700590b63df905b825f7e01aee1da7a7309d0a7cd8496fe0cfce9a0c"},
    {file = "TgCrypto-1.2.2-cp38-cp38-win_amd64.whl", hash = "sha256:bf210e4d7320d75737092bbb9f67b8d5fd2146fd2dc6786337961acbc9d94945"},
    {file = "TgCrypto-1.2.2-cp39-cp39-macosx_10_9_x86_64.whl", hash = "sha256:c89c25678704890ebe653ee528046844eb8470d205235a21c9db91cd4d12ed85"},
    {file = "TgCrypto-1.2.2-cp39-cp39-manylinux1_i686.whl", hash = "sha256:230cb83d87ed9d289445801483de35035d60f14811a601c3b80dbf68fdb15a18"},
    {file = "TgCrypto-1.2.2-cp39-cp39-manylinux1_x86_64.whl", hash = "sha256:0efb29c804be7c2a66ea0855665d6196e0643f17f6e2c2c768aa0b5b784690de"},
    {file = "TgCrypto-1.2.2-cp39-cp39-manylinux2010_i686.whl", hash = "sha256:1292a586bbf161d23beeacc0ddf5b26553c875d380d14d08b6c2283dabd05447"},
    {file = "TgCrypto-1.2.2-cp39-cp39-manylinux2010_x86_64.whl", hash = "sha256:36a06b45e5776a463b1484b0810c9ce0c79d16ee954ace5fe98fc63c6fe6244d"},
    {file = "TgCrypto-1.2.2-cp39-cp39-manylinux2014_aarch64.whl", hash = "sha256:0c7fe235c703099d2ed27d6b4d51823625b84315af2f20aec07420260ef6543e"},
    {file = "TgCrypto-1.2.2-cp39-cp39-win32.whl", hash = "sha256:e2c95040772d7db6c4ae55868de38c218c806edbef969f6de17983a2663b9699"},
    {file = "TgCrypto-1.2.2-cp39-cp39-win_amd64.whl", hash = "sha256:476a413105d96b6f87a5f58b13e2de3b5328cdc98c426758727dd1f8049bca65"},
    {file = "TgCrypto-1.2.2.tar.gz", hash = "sha256:df1d7bc592309eab34ea132f41acc2d7d6e0756ec5fbc0263922cb0e0326c6ef"},
]
toml = [
    {file = "toml-0.10.2-py2.py3-none-any.whl", hash = "sha256:806143ae5bfb6a3c6e736a764057db0e6a0e05e338b5630894a5f779cabb4f9b"},
    {file = "toml-0.10.2.tar.gz", hash = "sha256:b3bda1d108d5dd99f4a20d24d9c348e91c4db7ab1b749200bded2f839ccbe68f"},
]
tortoise-orm = [
    {file = "tortoise-orm-0.17.2.tar.gz", hash = "sha256:1a742b2f15a31d47a8dea7706b478cc9a7ce9af268b61d77d0fa22cfbaea271a"},
    {file = "tortoise_orm-0.17.2-py3-none-any.whl", hash = "sha256:b0c02be3800398053058377ddca91fa051eb98eebb704d2db2a3ab1c6a58e347"},
]
typing-extensions = [
    {file = "typing_extensions-3.7.4.3-py2-none-any.whl", hash = "sha256:dafc7639cde7f1b6e1acc0f457842a83e722ccca8eef5270af2d74792619a89f"},
    {file = "typing_extensions-3.7.4.3-py3-none-any.whl", hash = "sha256:7cb407020f00f7bfc3cb3e7881628838e69d8f3fcab2f64742a5e76b2f841918"},
    {file = "typing_extensions-3.7.4.3.tar.gz", hash = "sha256:99d4073b617d30288f569d3f13d2bd7548c3a7e4c8de87db09a9d29bb3a4a60c"},
]
